
Microsoft Visual Studio Solution File, Format Version 12.00
# Visual Studio Version 17
VisualStudioVersion = 17.6.33829.357
MinimumVisualStudioVersion = 10.0.40219.1
Project("{FAE04EC0-301F-11D3-BF4B-00C04F79EFBC}") = "inicial", "inicial.csproj", "{89E803F9-1CF5-4751-8B60-89A638C6E3B6}"
EndProject
Global
	GlobalSection(SolutionConfigurationPlatforms) = preSolution
		Debug|Any CPU = Debug|Any CPU
		Release|Any CPU = Release|Any CPU
	EndGlobalSection
	GlobalSection(ProjectConfigurationPlatforms) = postSolution
		{89E803F9-1CF5-4751-8B60-89A638C6E3B6}.Debug|Any CPU.ActiveCfg = Debug|Any CPU
		{89E803F9-1CF5-4751-8B60-89A638C6E3B6}.Debug|Any CPU.Build.0 = Debug|Any CPU
		{89E803F9-1CF5-4751-8B60-89A638C6E3B6}.Release|Any CPU.ActiveCfg = Release|Any CPU
		{89E803F9-1CF5-4751-8B60-89A638C6E3B6}.Release|Any CPU.Build.0 = Release|Any CPU
	EndGlobalSection
	GlobalSection(SolutionProperties) = preSolution
		HideSolutionNode = FALSE
	EndGlobalSection
	GlobalSection(ExtensibilityGlobals) = postSolution
		SolutionGuid = {CB06993F-81BF-4B55-BB12-1F395C686A5F}
	EndGlobalSection
EndGlobal
